
Microsoft Visual Studio Solution File, Format Version 12.00
# Visual Studio Version 17
VisualStudioVersion = 17.4.33205.214
MinimumVisualStudioVersion = 10.0.40219.1
Project("{FAE04EC0-301F-11D3-BF4B-00C04F79EFBC}") = "AnnationServiceBilder", "AnnationServiceBilder\AnnationServiceBilder.csproj", "{316DB7F4-AB91-450E-8102-22AEA8C656CE}"
EndProject
Global
	GlobalSection(SolutionConfigurationPlatforms) = preSolution
		Debug|Any CPU = Debug|Any CPU
		Release|Any CPU = Release|Any CPU
	EndGlobalSection
	GlobalSection(ProjectConfigurationPlatforms) = postSolution
		{316DB7F4-AB91-450E-8102-22AEA8C656CE}.Debug|Any CPU.ActiveCfg = Debug|Any CPU
		{316DB7F4-AB91-450E-8102-22AEA8C656CE}.Debug|Any CPU.Build.0 = Debug|Any CPU
		{316DB7F4-AB91-450E-8102-22AEA8C656CE}.Release|Any CPU.ActiveCfg = Release|Any CPU
		{316DB7F4-AB91-450E-8102-22AEA8C656CE}.Release|Any CPU.Build.0 = Release|Any CPU
	EndGlobalSection
	GlobalSection(SolutionProperties) = preSolution
		HideSolutionNode = FALSE
	EndGlobalSection
	GlobalSection(ExtensibilityGlobals) = postSolution
		SolutionGuid = {76400B3F-DB05-4459-9159-64F7B9EAD101}
	EndGlobalSection
EndGlobal
